
Microsoft Visual Studio Solution File, Format Version 12.00
# Visual Studio 15
VisualStudioVersion = 15.0.27130.2024
MinimumVisualStudioVersion = 10.0.40219.1
Project("{9A19103F-16F7-4668-BE54-9A1E7A4F7556}") = "ALItemTrader.Domain", "ALItemTrader.Domain\ALItemTrader.Domain.csproj", "{4BD98857-7AF0-4C5F-8D6A-730C0E406A64}"
EndProject
Project("{9A19103F-16F7-4668-BE54-9A1E7A4F7556}") = "ALItemTrader.Persistence", "ALItemTrader.Persistence\ALItemTrader.Persistence.csproj", "{37F3D899-F26C-40D4-B9B3-70302DC2C13B}"
EndProject
Project("{9A19103F-16F7-4668-BE54-9A1E7A4F7556}") = "ALItemTrader.Application", "ALItemTrader.Application\ALItemTrader.Application.csproj", "{E0D4F4F1-431F-4CF8-B049-0D728F4BE64A}"
EndProject
Project("{9A19103F-16F7-4668-BE54-9A1E7A4F7556}") = "ALItemTrader.Setup", "ALItemTrader.Setup\ALItemTrader.Setup.csproj", "{1E6B592D-275D-4F1C-B874-2918CE05E350}"
EndProject
Project("{9A19103F-16F7-4668-BE54-9A1E7A4F7556}") = "ALItemTrader.Domain.Models", "ALItemTrader.Domain.Models\ALItemTrader.Domain.Models.csproj", "{28B93BC4-F67B-479C-9CBA-B0F35A69C1EA}"
EndProject
Project("{9A19103F-16F7-4668-BE54-9A1E7A4F7556}") = "ALItemTrader.Api", "ALItemTrader.Api\ALItemTrader.Api.csproj", "{2CDAAF3B-1E00-4F4A-A3F9-3F4A80DF881F}"
EndProject
Project("{9A19103F-16F7-4668-BE54-9A1E7A4F7556}") = "Common.Domain", "Common\Common.Domain.csproj", "{63F1D188-ACFA-4919-B755-7B12E8E064A3}"
EndProject
Project("{2150E333-8FDC-42A3-9474-1A3956D46DE8}") = "Common", "Common", "{2DEE0661-F188-4AE2-AA11-2CD66CB0513E}"
EndProject
Project("{9A19103F-16F7-4668-BE54-9A1E7A4F7556}") = "Common.Domain.Models", "Common.Persistence\Common.Domain.Models.csproj", "{BA563071-13ED-4962-A526-BF21FE02001D}"
EndProject
Project("{FAE04EC0-301F-11D3-BF4B-00C04F79EFBC}") = "Common.Application", "Common.Application\Common.Application.csproj", "{0B7234F9-142F-497F-A5E9-8EC196D32328}"
EndProject
Project("{FAE04EC0-301F-11D3-BF4B-00C04F79EFBC}") = "Common.Api", "Common.Api\Common.Api.csproj", "{0D689606-C5B7-4B40-93C6-EC216F176822}"
EndProject
Global
	GlobalSection(SolutionConfigurationPlatforms) = preSolution
		Debug|Any CPU = Debug|Any CPU
		Release|Any CPU = Release|Any CPU
	EndGlobalSection
	GlobalSection(ProjectConfigurationPlatforms) = postSolution
		{4BD98857-7AF0-4C5F-8D6A-730C0E406A64}.Debug|Any CPU.ActiveCfg = Debug|Any CPU
		{4BD98857-7AF0-4C5F-8D6A-730C0E406A64}.Debug|Any CPU.Build.0 = Debug|Any CPU
		{4BD98857-7AF0-4C5F-8D6A-730C0E406A64}.Release|Any CPU.ActiveCfg = Release|Any CPU
		{4BD98857-7AF0-4C5F-8D6A-730C0E406A64}.Release|Any CPU.Build.0 = Release|Any CPU
		{37F3D899-F26C-40D4-B9B3-70302DC2C13B}.Debug|Any CPU.ActiveCfg = Debug|Any CPU
		{37F3D899-F26C-40D4-B9B3-70302DC2C13B}.Debug|Any CPU.Build.0 = Debug|Any CPU
		{37F3D899-F26C-40D4-B9B3-70302DC2C13B}.Release|Any CPU.ActiveCfg = Release|Any CPU
		{37F3D899-F26C-40D4-B9B3-70302DC2C13B}.Release|Any CPU.Build.0 = Release|Any CPU
		{E0D4F4F1-431F-4CF8-B049-0D728F4BE64A}.Debug|Any CPU.ActiveCfg = Debug|Any CPU
		{E0D4F4F1-431F-4CF8-B049-0D728F4BE64A}.Debug|Any CPU.Build.0 = Debug|Any CPU
		{E0D4F4F1-431F-4CF8-B049-0D728F4BE64A}.Release|Any CPU.ActiveCfg = Release|Any CPU
		{E0D4F4F1-431F-4CF8-B049-0D728F4BE64A}.Release|Any CPU.Build.0 = Release|Any CPU
		{1E6B592D-275D-4F1C-B874-2918CE05E350}.Debug|Any CPU.ActiveCfg = Debug|Any CPU
		{1E6B592D-275D-4F1C-B874-2918CE05E350}.Debug|Any CPU.Build.0 = Debug|Any CPU
		{1E6B592D-275D-4F1C-B874-2918CE05E350}.Release|Any CPU.ActiveCfg = Release|Any CPU
		{1E6B592D-275D-4F1C-B874-2918CE05E350}.Release|Any CPU.Build.0 = Release|Any CPU
		{28B93BC4-F67B-479C-9CBA-B0F35A69C1EA}.Debug|Any CPU.ActiveCfg = Debug|Any CPU
		{28B93BC4-F67B-479C-9CBA-B0F35A69C1EA}.Debug|Any CPU.Build.0 = Debug|Any CPU
		{28B93BC4-F67B-479C-9CBA-B0F35A69C1EA}.Release|Any CPU.ActiveCfg = Release|Any CPU
		{28B93BC4-F67B-479C-9CBA-B0F35A69C1EA}.Release|Any CPU.Build.0 = Release|Any CPU
		{2CDAAF3B-1E00-4F4A-A3F9-3F4A80DF881F}.Debug|Any CPU.ActiveCfg = Debug|Any CPU
		{2CDAAF3B-1E00-4F4A-A3F9-3F4A80DF881F}.Debug|Any CPU.Build.0 = Debug|Any CPU
		{2CDAAF3B-1E00-4F4A-A3F9-3F4A80DF881F}.Release|Any CPU.ActiveCfg = Release|Any CPU
		{2CDAAF3B-1E00-4F4A-A3F9-3F4A80DF881F}.Release|Any CPU.Build.0 = Release|Any CPU
		{63F1D188-ACFA-4919-B755-7B12E8E064A3}.Debug|Any CPU.ActiveCfg = Debug|Any CPU
		{63F1D188-ACFA-4919-B755-7B12E8E064A3}.Debug|Any CPU.Build.0 = Debug|Any CPU
		{63F1D188-ACFA-4919-B755-7B12E8E064A3}.Release|Any CPU.ActiveCfg = Release|Any CPU
		{63F1D188-ACFA-4919-B755-7B12E8E064A3}.Release|Any CPU.Build.0 = Release|Any CPU
		{BA563071-13ED-4962-A526-BF21FE02001D}.Debug|Any CPU.ActiveCfg = Debug|Any CPU
		{BA563071-13ED-4962-A526-BF21FE02001D}.Debug|Any CPU.Build.0 = Debug|Any CPU
		{BA563071-13ED-4962-A526-BF21FE02001D}.Release|Any CPU.ActiveCfg = Release|Any CPU
		{BA563071-13ED-4962-A526-BF21FE02001D}.Release|Any CPU.Build.0 = Release|Any CPU
		{0B7234F9-142F-497F-A5E9-8EC196D32328}.Debug|Any CPU.ActiveCfg = Debug|Any CPU
		{0B7234F9-142F-497F-A5E9-8EC196D32328}.Debug|Any CPU.Build.0 = Debug|Any CPU
		{0B7234F9-142F-497F-A5E9-8EC196D32328}.Release|Any CPU.ActiveCfg = Release|Any CPU
		{0B7234F9-142F-497F-A5E9-8EC196D32328}.Release|Any CPU.Build.0 = Release|Any CPU
		{0D689606-C5B7-4B40-93C6-EC216F176822}.Debug|Any CPU.ActiveCfg = Debug|Any CPU
		{0D689606-C5B7-4B40-93C6-EC216F176822}.Debug|Any CPU.Build.0 = Debug|Any CPU
		{0D689606-C5B7-4B40-93C6-EC216F176822}.Release|Any CPU.ActiveCfg = Release|Any CPU
		{0D689606-C5B7-4B40-93C6-EC216F176822}.Release|Any CPU.Build.0 = Release|Any CPU
	EndGlobalSection
	GlobalSection(SolutionProperties) = preSolution
		HideSolutionNode = FALSE
	EndGlobalSection
	GlobalSection(NestedProjects) = preSolution
		{63F1D188-ACFA-4919-B755-7B12E8E064A3} = {2DEE0661-F188-4AE2-AA11-2CD66CB0513E}
		{BA563071-13ED-4962-A526-BF21FE02001D} = {2DEE0661-F188-4AE2-AA11-2CD66CB0513E}
		{0B7234F9-142F-497F-A5E9-8EC196D32328} = {2DEE0661-F188-4AE2-AA11-2CD66CB0513E}
		{0D689606-C5B7-4B40-93C6-EC216F176822} = {2DEE0661-F188-4AE2-AA11-2CD66CB0513E}
	EndGlobalSection
	GlobalSection(ExtensibilityGlobals) = postSolution
		SolutionGuid = {8027F7AE-6B1C-4899-9A5F-E03341391319}
	EndGlobalSection
EndGlobal
